
Microsoft Visual Studio Solution File, Format Version 12.00
# Visual Studio Version 17
VisualStudioVersion = 17.10.35013.160
MinimumVisualStudioVersion = 10.0.40219.1
Project("{FAE04EC0-301F-11D3-BF4B-00C04F79EFBC}") = "ex1", "ex1\ex1.csproj", "{5D69C10A-7658-46CD-87C8-88A68E10F1B3}"
EndProject
Global
	GlobalSection(SolutionConfigurationPlatforms) = preSolution
		Debug|Any CPU = Debug|Any CPU
		Release|Any CPU = Release|Any CPU
	EndGlobalSection
	GlobalSection(ProjectConfigurationPlatforms) = postSolution
		{5D69C10A-7658-46CD-87C8-88A68E10F1B3}.Debug|Any CPU.ActiveCfg = Debug|Any CPU
		{5D69C10A-7658-46CD-87C8-88A68E10F1B3}.Debug|Any CPU.Build.0 = Debug|Any CPU
		{5D69C10A-7658-46CD-87C8-88A68E10F1B3}.Release|Any CPU.ActiveCfg = Release|Any CPU
		{5D69C10A-7658-46CD-87C8-88A68E10F1B3}.Release|Any CPU.Build.0 = Release|Any CPU
	EndGlobalSection
	GlobalSection(SolutionProperties) = preSolution
		HideSolutionNode = FALSE
	EndGlobalSection
	GlobalSection(ExtensibilityGlobals) = postSolution
		SolutionGuid = {DF825FE8-FDDF-46EC-8FA1-29E7AF97DC09}
	EndGlobalSection
EndGlobal
